
Microsoft Visual Studio Solution File, Format Version 12.00
# Visual Studio Version 17
VisualStudioVersion = 17.5.001.0
MinimumVisualStudioVersion = 10.0.40219.1
Project("{9A19103F-16F7-4668-BE54-9A1E7A4F7556}") = "Aurora.Tests", "Aurora.Tests.csproj", "{23FB187E-5AB6-477E-892A-3524E809BFEC}"
EndProject
Global
	GlobalSection(SolutionConfigurationPlatforms) = preSolution
		Debug|Any CPU = Debug|Any CPU
		Release|Any CPU = Release|Any CPU
	EndGlobalSection
	GlobalSection(ProjectConfigurationPlatforms) = postSolution
		{23FB187E-5AB6-477E-892A-3524E809BFEC}.Debug|Any CPU.ActiveCfg = Debug|Any CPU
		{23FB187E-5AB6-477E-892A-3524E809BFEC}.Debug|Any CPU.Build.0 = Debug|Any CPU
		{23FB187E-5AB6-477E-892A-3524E809BFEC}.Release|Any CPU.ActiveCfg = Release|Any CPU
		{23FB187E-5AB6-477E-892A-3524E809BFEC}.Release|Any CPU.Build.0 = Release|Any CPU
	EndGlobalSection
	GlobalSection(SolutionProperties) = preSolution
		HideSolutionNode = FALSE
	EndGlobalSection
	GlobalSection(ExtensibilityGlobals) = postSolution
		SolutionGuid = {D8857471-829E-4B0F-9DB9-3150156ED6E7}
	EndGlobalSection
EndGlobal
